// !$*UTF8*$!
{
	archiveVersion = 1;
	classes = {
	};
	objectVersion = 50;
	objects = {

/* Begin PBXBuildFile section */
		3517A1D12649D700009DA443 /* AppDelegate.swift in Sources */ = {isa = PBXBuildFile; fileRef = 3517A1D02649D700009DA443 /* AppDelegate.swift */; };
		3517A1D32649D700009DA443 /* SceneDelegate.swift in Sources */ = {isa = PBXBuildFile; fileRef = 3517A1D22649D700009DA443 /* SceneDelegate.swift */; };
		3517A1D82649D700009DA443 /* Main.storyboard in Resources */ = {isa = PBXBuildFile; fileRef = 3517A1D62649D700009DA443 /* Main.storyboard */; };
		3517A1DA2649D705009DA443 /* Assets.xcassets in Resources */ = {isa = PBXBuildFile; fileRef = 3517A1D92649D705009DA443 /* Assets.xcassets */; };
		3517A1DD2649D705009DA443 /* LaunchScreen.storyboard in Resources */ = {isa = PBXBuildFile; fileRef = 3517A1DB2649D705009DA443 /* LaunchScreen.storyboard */; };
		3517A1ED2649D870009DA443 /* CloudKit.framework in Frameworks */ = {isa = PBXBuildFile; fileRef = 3517A1EC2649D870009DA443 /* CloudKit.framework */; };
		3517A1F12649DBE4009DA443 /* Topic.swift in Sources */ = {isa = PBXBuildFile; fileRef = 3517A1F02649DBE4009DA443 /* Topic.swift */; };
		3517A1F32649E0F1009DA443 /* TopicController.swift in Sources */ = {isa = PBXBuildFile; fileRef = 3517A1F22649E0F1009DA443 /* TopicController.swift */; };
		3517A1F62649E1D6009DA443 /* TopicError.swift in Sources */ = {isa = PBXBuildFile; fileRef = 3517A1F52649E1D6009DA443 /* TopicError.swift */; };
		3517A1F82649F1E3009DA443 /* TopicsListTableViewController.swift in Sources */ = {isa = PBXBuildFile; fileRef = 3517A1F72649F1E3009DA443 /* TopicsListTableViewController.swift */; };
		3517A1FA2649F1F1009DA443 /* TopicDetailViewController.swift in Sources */ = {isa = PBXBuildFile; fileRef = 3517A1F92649F1F1009DA443 /* TopicDetailViewController.swift */; };
/* End PBXBuildFile section */

/* Begin PBXFileReference section */
		3517A1CD2649D700009DA443 /* NoProbLlama.app */ = {isa = PBXFileReference; explicitFileType = wrapper.application; includeInIndex = 0; path = NoProbLlama.app; sourceTree = BUILT_PRODUCTS_DIR; };
		3517A1D02649D700009DA443 /* AppDelegate.swift */ = {isa = PBXFileReference; lastKnownFileType = sourcecode.swift; path = AppDelegate.swift; sourceTree = "<group>"; };
		3517A1D22649D700009DA443 /* SceneDelegate.swift */ = {isa = PBXFileReference; lastKnownFileType = sourcecode.swift; path = SceneDelegate.swift; sourceTree = "<group>"; };
		3517A1D72649D700009DA443 /* Base */ = {isa = PBXFileReference; lastKnownFileType = file.storyboard; name = Base; path = Base.lproj/Main.storyboard; sourceTree = "<group>"; };
		3517A1D92649D705009DA443 /* Assets.xcassets */ = {isa = PBXFileReference; lastKnownFileType = folder.assetcatalog; path = Assets.xcassets; sourceTree = "<group>"; };
		3517A1DC2649D705009DA443 /* Base */ = {isa = PBXFileReference; lastKnownFileType = file.storyboard; name = Base; path = Base.lproj/LaunchScreen.storyboard; sourceTree = "<group>"; };
		3517A1DE2649D705009DA443 /* Info.plist */ = {isa = PBXFileReference; lastKnownFileType = text.plist.xml; path = Info.plist; sourceTree = "<group>"; };
		3517A1EA2649D86A009DA443 /* NoProbLlama.entitlements */ = {isa = PBXFileReference; lastKnownFileType = text.plist.entitlements; path = NoProbLlama.entitlements; sourceTree = "<group>"; };
		3517A1EC2649D870009DA443 /* CloudKit.framework */ = {isa = PBXFileReference; lastKnownFileType = wrapper.framework; name = CloudKit.framework; path = System/Library/Frameworks/CloudKit.framework; sourceTree = SDKROOT; };
		3517A1F02649DBE4009DA443 /* Topic.swift */ = {isa = PBXFileReference; lastKnownFileType = sourcecode.swift; path = Topic.swift; sourceTree = "<group>"; };
		3517A1F22649E0F1009DA443 /* TopicController.swift */ = {isa = PBXFileReference; lastKnownFileType = sourcecode.swift; path = TopicController.swift; sourceTree = "<group>"; };
		3517A1F52649E1D6009DA443 /* TopicError.swift */ = {isa = PBXFileReference; lastKnownFileType = sourcecode.swift; path = TopicError.swift; sourceTree = "<group>"; };
		3517A1F72649F1E3009DA443 /* TopicsListTableViewController.swift */ = {isa = PBXFileReference; lastKnownFileType = sourcecode.swift; path = TopicsListTableViewController.swift; sourceTree = "<group>"; };
		3517A1F92649F1F1009DA443 /* TopicDetailViewController.swift */ = {isa = PBXFileReference; lastKnownFileType = sourcecode.swift; path = TopicDetailViewController.swift; sourceTree = "<group>"; };
/* End PBXFileReference section */

/* Begin PBXFrameworksBuildPhase section */
		3517A1CA2649D700009DA443 /* Frameworks */ = {
			isa = PBXFrameworksBuildPhase;
			buildActionMask = 2147483647;
			files = (
				3517A1ED2649D870009DA443 /* CloudKit.framework in Frameworks */,
			);
			runOnlyForDeploymentPostprocessing = 0;
		};
/* End PBXFrameworksBuildPhase section */

/* Begin PBXGroup section */
		3517A1C42649D700009DA443 = {
			isa = PBXGroup;
			children = (
				3517A1CF2649D700009DA443 /* NoProbLlama */,
				3517A1CE2649D700009DA443 /* Products */,
				3517A1EB2649D870009DA443 /* Frameworks */,
			);
			sourceTree = "<group>";
		};
		3517A1CE2649D700009DA443 /* Products */ = {
			isa = PBXGroup;
			children = (
				3517A1CD2649D700009DA443 /* NoProbLlama.app */,
			);
			name = Products;
			sourceTree = "<group>";
		};
		3517A1CF2649D700009DA443 /* NoProbLlama */ = {
			isa = PBXGroup;
			children = (
				3517A1EA2649D86A009DA443 /* NoProbLlama.entitlements */,
				3517A1F42649E1CA009DA443 /* Helpers */,
				3517A1E92649D7BE009DA443 /* Model */,
				3517A1E82649D7BB009DA443 /* Views */,
				3517A1E52649D7AD009DA443 /* Controllers */,
				3517A1E42649D79E009DA443 /* Resources */,
			);
			path = NoProbLlama;
			sourceTree = "<group>";
		};
		3517A1E42649D79E009DA443 /* Resources */ = {
			isa = PBXGroup;
			children = (
				3517A1D02649D700009DA443 /* AppDelegate.swift */,
				3517A1D22649D700009DA443 /* SceneDelegate.swift */,
				3517A1D92649D705009DA443 /* Assets.xcassets */,
				3517A1DB2649D705009DA443 /* LaunchScreen.storyboard */,
				3517A1DE2649D705009DA443 /* Info.plist */,
			);
			path = Resources;
			sourceTree = "<group>";
		};
		3517A1E52649D7AD009DA443 /* Controllers */ = {
			isa = PBXGroup;
			children = (
				3517A1E72649D7B6009DA443 /* ModelControllers */,
				3517A1E62649D7B1009DA443 /* ViewControllers */,
			);
			path = Controllers;
			sourceTree = "<group>";
		};
		3517A1E62649D7B1009DA443 /* ViewControllers */ = {
			isa = PBXGroup;
			children = (
				3517A1F72649F1E3009DA443 /* TopicsListTableViewController.swift */,
				3517A1F92649F1F1009DA443 /* TopicDetailViewController.swift */,
			);
			path = ViewControllers;
			sourceTree = "<group>";
		};
		3517A1E72649D7B6009DA443 /* ModelControllers */ = {
			isa = PBXGroup;
			children = (
				3517A1F22649E0F1009DA443 /* TopicController.swift */,
			);
			path = ModelControllers;
			sourceTree = "<group>";
		};
		3517A1E82649D7BB009DA443 /* Views */ = {
			isa = PBXGroup;
			children = (
				3517A1D62649D700009DA443 /* Main.storyboard */,
			);
			path = Views;
			sourceTree = "<group>";
		};
		3517A1E92649D7BE009DA443 /* Model */ = {
			isa = PBXGroup;
			children = (
				3517A1F02649DBE4009DA443 /* Topic.swift */,
			);
			path = Model;
			sourceTree = "<group>";
		};
		3517A1EB2649D870009DA443 /* Frameworks */ = {
			isa = PBXGroup;
			children = (
				3517A1EC2649D870009DA443 /* CloudKit.framework */,
			);
			name = Frameworks;
			sourceTree = "<group>";
		};
		3517A1F42649E1CA009DA443 /* Helpers */ = {
			isa = PBXGroup;
			children = (
				3517A1F52649E1D6009DA443 /* TopicError.swift */,
			);
			path = Helpers;
			sourceTree = "<group>";
		};
/* End PBXGroup section */

/* Begin PBXNativeTarget section */
		3517A1CC2649D700009DA443 /* NoProbLlama */ = {
			isa = PBXNativeTarget;
			buildConfigurationList = 3517A1E12649D705009DA443 /* Build configuration list for PBXNativeTarget "NoProbLlama" */;
			buildPhases = (
				3517A1C92649D700009DA443 /* Sources */,
				3517A1CA2649D700009DA443 /* Frameworks */,
				3517A1CB2649D700009DA443 /* Resources */,
			);
			buildRules = (
			);
			dependencies = (
			);
			name = NoProbLlama;
			productName = NoProbLlama;
			productReference = 3517A1CD2649D700009DA443 /* NoProbLlama.app */;
			productType = "com.apple.product-type.application";
		};
/* End PBXNativeTarget section */

/* Begin PBXProject section */
		3517A1C52649D700009DA443 /* Project object */ = {
			isa = PBXProject;
			attributes = {
				LastSwiftUpdateCheck = 1250;
				LastUpgradeCheck = 1250;
				TargetAttributes = {
					3517A1CC2649D700009DA443 = {
						CreatedOnToolsVersion = 12.5;
					};
				};
			};
			buildConfigurationList = 3517A1C82649D700009DA443 /* Build configuration list for PBXProject "NoProbLlama" */;
			compatibilityVersion = "Xcode 9.3";
			developmentRegion = en;
			hasScannedForEncodings = 0;
			knownRegions = (
				en,
				Base,
			);
			mainGroup = 3517A1C42649D700009DA443;
			productRefGroup = 3517A1CE2649D700009DA443 /* Products */;
			projectDirPath = "";
			projectRoot = "";
			targets = (
				3517A1CC2649D700009DA443 /* NoProbLlama */,
			);
		};
/* End PBXProject section */

/* Begin PBXResourcesBuildPhase section */
		3517A1CB2649D700009DA443 /* Resources */ = {
			isa = PBXResourcesBuildPhase;
			buildActionMask = 2147483647;
			files = (
				3517A1DD2649D705009DA443 /* LaunchScreen.storyboard in Resources */,
				3517A1DA2649D705009DA443 /* Assets.xcassets in Resources */,
				3517A1D82649D700009DA443 /* Main.storyboard in Resources */,
			);
			runOnlyForDeploymentPostprocessing = 0;
		};
/* End PBXResourcesBuildPhase section */

/* Begin PBXSourcesBuildPhase section */
		3517A1C92649D700009DA443 /* Sources */ = {
			isa = PBXSourcesBuildPhase;
			buildActionMask = 2147483647;
			files = (
				3517A1D12649D700009DA443 /* AppDelegate.swift in Sources */,
				3517A1F12649DBE4009DA443 /* Topic.swift in Sources */,
				3517A1F62649E1D6009DA443 /* TopicError.swift in Sources */,
				3517A1FA2649F1F1009DA443 /* TopicDetailViewController.swift in Sources */,
				3517A1F82649F1E3009DA443 /* TopicsListTableViewController.swift in Sources */,
				3517A1D32649D700009DA443 /* SceneDelegate.swift in Sources */,
				3517A1F32649E0F1009DA443 /* TopicController.swift in Sources */,
			);
			runOnlyForDeploymentPostprocessing = 0;
		};
/* End PBXSourcesBuildPhase section */

/* Begin PBXVariantGroup section */
		3517A1D62649D700009DA443 /* Main.storyboard */ = {
			isa = PBXVariantGroup;
			children = (
				3517A1D72649D700009DA443 /* Base */,
			);
			name = Main.storyboard;
			sourceTree = "<group>";
		};
		3517A1DB2649D705009DA443 /* LaunchScreen.storyboard */ = {
			isa = PBXVariantGroup;
			children = (
				3517A1DC2649D705009DA443 /* Base */,
			);
			name = LaunchScreen.storyboard;
			sourceTree = "<group>";
		};
/* End PBXVariantGroup section */

/* Begin XCBuildConfiguration section */
		3517A1DF2649D705009DA443 /* Debug */ = {
			isa = XCBuildConfiguration;
			buildSettings = {
				ALWAYS_SEARCH_USER_PATHS = NO;
				CLANG_ANALYZER_NONNULL = YES;
				CLANG_ANALYZER_NUMBER_OBJECT_CONVERSION = YES_AGGRESSIVE;
				CLANG_CXX_LANGUAGE_STANDARD = "gnu++14";
				CLANG_CXX_LIBRARY = "libc++";
				CLANG_ENABLE_MODULES = YES;
				CLANG_ENABLE_OBJC_ARC = YES;
				CLANG_ENABLE_OBJC_WEAK = YES;
				CLANG_WARN_BLOCK_CAPTURE_AUTORELEASING = YES;
				CLANG_WARN_BOOL_CONVERSION = YES;
				CLANG_WARN_COMMA = YES;
				CLANG_WARN_CONSTANT_CONVERSION = YES;
				CLANG_WARN_DEPRECATED_OBJC_IMPLEMENTATIONS = YES;
				CLANG_WARN_DIRECT_OBJC_ISA_USAGE = YES_ERROR;
				CLANG_WARN_DOCUMENTATION_COMMENTS = YES;
				CLANG_WARN_EMPTY_BODY = YES;
				CLANG_WARN_ENUM_CONVERSION = YES;
				CLANG_WARN_INFINITE_RECURSION = YES;
				CLANG_WARN_INT_CONVERSION = YES;
				CLANG_WARN_NON_LITERAL_NULL_CONVERSION = YES;
				CLANG_WARN_OBJC_IMPLICIT_RETAIN_SELF = YES;
				CLANG_WARN_OBJC_LITERAL_CONVERSION = YES;
				CLANG_WARN_OBJC_ROOT_CLASS = YES_ERROR;
				CLANG_WARN_QUOTED_INCLUDE_IN_FRAMEWORK_HEADER = YES;
				CLANG_WARN_RANGE_LOOP_ANALYSIS = YES;
				CLANG_WARN_STRICT_PROTOTYPES = YES;
				CLANG_WARN_SUSPICIOUS_MOVE = YES;
				CLANG_WARN_UNGUARDED_AVAILABILITY = YES_AGGRESSIVE;
				CLANG_WARN_UNREACHABLE_CODE = YES;
				CLANG_WARN__DUPLICATE_METHOD_MATCH = YES;
				COPY_PHASE_STRIP = NO;
				DEBUG_INFORMATION_FORMAT = dwarf;
				ENABLE_STRICT_OBJC_MSGSEND = YES;
				ENABLE_TESTABILITY = YES;
				GCC_C_LANGUAGE_STANDARD = gnu11;
				GCC_DYNAMIC_NO_PIC = NO;
				GCC_NO_COMMON_BLOCKS = YES;
				GCC_OPTIMIZATION_LEVEL = 0;
				GCC_PREPROCESSOR_DEFINITIONS = (
					"DEBUG=1",
					"$(inherited)",
				);
				GCC_WARN_64_TO_32_BIT_CONVERSION = YES;
				GCC_WARN_ABOUT_RETURN_TYPE = YES_ERROR;
				GCC_WARN_UNDECLARED_SELECTOR = YES;
				GCC_WARN_UNINITIALIZED_AUTOS = YES_AGGRESSIVE;
				GCC_WARN_UNUSED_FUNCTION = YES;
				GCC_WARN_UNUSED_VARIABLE = YES;
				IPHONEOS_DEPLOYMENT_TARGET = 14.5;
				MTL_ENABLE_DEBUG_INFO = INCLUDE_SOURCE;
				MTL_FAST_MATH = YES;
				ONLY_ACTIVE_ARCH = YES;
				SDKROOT = iphoneos;
				SWIFT_ACTIVE_COMPILATION_CONDITIONS = DEBUG;
				SWIFT_OPTIMIZATION_LEVEL = "-Onone";
			};
			name = Debug;
		};
		3517A1E02649D705009DA443 /* Release */ = {
			isa = XCBuildConfiguration;
			buildSettings = {
				ALWAYS_SEARCH_USER_PATHS = NO;
				CLANG_ANALYZER_NONNULL = YES;
				CLANG_ANALYZER_NUMBER_OBJECT_CONVERSION = YES_AGGRESSIVE;
				CLANG_CXX_LANGUAGE_STANDARD = "gnu++14";
				CLANG_CXX_LIBRARY = "libc++";
				CLANG_ENABLE_MODULES = YES;
				CLANG_ENABLE_OBJC_ARC = YES;
				CLANG_ENABLE_OBJC_WEAK = YES;
				CLANG_WARN_BLOCK_CAPTURE_AUTORELEASING = YES;
				CLANG_WARN_BOOL_CONVERSION = YES;
				CLANG_WARN_COMMA = YES;
				CLANG_WARN_CONSTANT_CONVERSION = YES;
				CLANG_WARN_DEPRECATED_OBJC_IMPLEMENTATIONS = YES;
				CLANG_WARN_DIRECT_OBJC_ISA_USAGE = YES_ERROR;
				CLANG_WARN_DOCUMENTATION_COMMENTS = YES;
				CLANG_WARN_EMPTY_BODY = YES;
				CLANG_WARN_ENUM_CONVERSION = YES;
				CLANG_WARN_INFINITE_RECURSION = YES;
				CLANG_WARN_INT_CONVERSION = YES;
				CLANG_WARN_NON_LITERAL_NULL_CONVERSION = YES;
				CLANG_WARN_OBJC_IMPLICIT_RETAIN_SELF = YES;
				CLANG_WARN_OBJC_LITERAL_CONVERSION = YES;
				CLANG_WARN_OBJC_ROOT_CLASS = YES_ERROR;
				CLANG_WARN_QUOTED_INCLUDE_IN_FRAMEWORK_HEADER = YES;
				CLANG_WARN_RANGE_LOOP_ANALYSIS = YES;
				CLANG_WARN_STRICT_PROTOTYPES = YES;
				CLANG_WARN_SUSPICIOUS_MOVE = YES;
				CLANG_WARN_UNGUARDED_AVAILABILITY = YES_AGGRESSIVE;
				CLANG_WARN_UNREACHABLE_CODE = YES;
				CLANG_WARN__DUPLICATE_METHOD_MATCH = YES;
				COPY_PHASE_STRIP = NO;
				DEBUG_INFORMATION_FORMAT = "dwarf-with-dsym";
				ENABLE_NS_ASSERTIONS = NO;
				ENABLE_STRICT_OBJC_MSGSEND = YES;
				GCC_C_LANGUAGE_STANDARD = gnu11;
				GCC_NO_COMMON_BLOCKS = YES;
				GCC_WARN_64_TO_32_BIT_CONVERSION = YES;
				GCC_WARN_ABOUT_RETURN_TYPE = YES_ERROR;
				GCC_WARN_UNDECLARED_SELECTOR = YES;
				GCC_WARN_UNINITIALIZED_AUTOS = YES_AGGRESSIVE;
				GCC_WARN_UNUSED_FUNCTION = YES;
				GCC_WARN_UNUSED_VARIABLE = YES;
				IPHONEOS_DEPLOYMENT_TARGET = 14.5;
				MTL_ENABLE_DEBUG_INFO = NO;
				MTL_FAST_MATH = YES;
				SDKROOT = iphoneos;
				SWIFT_COMPILATION_MODE = wholemodule;
				SWIFT_OPTIMIZATION_LEVEL = "-O";
				VALIDATE_PRODUCT = YES;
			};
			name = Release;
		};
		3517A1E22649D705009DA443 /* Debug */ = {
			isa = XCBuildConfiguration;
			buildSettings = {
				ASSETCATALOG_COMPILER_APPICON_NAME = AppIcon;
				ASSETCATALOG_COMPILER_GLOBAL_ACCENT_COLOR_NAME = AccentColor;
				CODE_SIGN_ENTITLEMENTS = NoProbLlama/NoProbLlama.entitlements;
				CODE_SIGN_STYLE = Automatic;
				DEVELOPMENT_TEAM = 97JSCUVT38;
				INFOPLIST_FILE = NoProbLlama/Resources/Info.plist;
				LD_RUNPATH_SEARCH_PATHS = (
					"$(inherited)",
					"@executable_path/Frameworks",
				);
				PRODUCT_BUNDLE_IDENTIFIER = com.DMA.NoProbLlama;
				PRODUCT_NAME = "$(TARGET_NAME)";
				SWIFT_VERSION = 5.0;
				TARGETED_DEVICE_FAMILY = "1,2";
			};
			name = Debug;
		};
		3517A1E32649D705009DA443 /* Release */ = {
			isa = XCBuildConfiguration;
			buildSettings = {
				ASSETCATALOG_COMPILER_APPICON_NAME = AppIcon;
				ASSETCATALOG_COMPILER_GLOBAL_ACCENT_COLOR_NAME = AccentColor;
				CODE_SIGN_ENTITLEMENTS = NoProbLlama/NoProbLlama.entitlements;
				CODE_SIGN_STYLE = Automatic;
				DEVELOPMENT_TEAM = 97JSCUVT38;
				INFOPLIST_FILE = NoProbLlama/Resources/Info.plist;
				LD_RUNPATH_SEARCH_PATHS = (
					"$(inherited)",
					"@executable_path/Frameworks",
				);
				PRODUCT_BUNDLE_IDENTIFIER = com.DMA.NoProbLlama;
				PRODUCT_NAME = "$(TARGET_NAME)";
				SWIFT_VERSION = 5.0;
				TARGETED_DEVICE_FAMILY = "1,2";
			};
			name = Release;
		};
/* End XCBuildConfiguration section */

/* Begin XCConfigurationList section */
		3517A1C82649D700009DA443 /* Build configuration list for PBXProject "NoProbLlama" */ = {
			isa = XCConfigurationList;
			buildConfigurations = (
				3517A1DF2649D705009DA443 /* Debug */,
				3517A1E02649D705009DA443 /* Release */,
			);
			defaultConfigurationIsVisible = 0;
			defaultConfigurationName = Release;
		};
		3517A1E12649D705009DA443 /* Build configuration list for PBXNativeTarget "NoProbLlama" */ = {
			isa = XCConfigurationList;
			buildConfigurations = (
				3517A1E22649D705009DA443 /* Debug */,
				3517A1E32649D705009DA443 /* Release */,
			);
			defaultConfigurationIsVisible = 0;
			defaultConfigurationName = Release;
		};
/* End XCConfigurationList section */
	};
	rootObject = 3517A1C52649D700009DA443 /* Project object */;
}
